
Microsoft Visual Studio Solution File, Format Version 12.00
# Visual Studio Version 16
VisualStudioVersion = 16.0.30611.23
MinimumVisualStudioVersion = 10.0.40219.1
Project("{FAE04EC0-301F-11D3-BF4B-00C04F79EFBC}") = "MTPCmd", "MTPCmd\MTPCmd.csproj", "{944ED387-6916-4051-8640-38BB38175181}"
EndProject
Global
	GlobalSection(SolutionConfigurationPlatforms) = preSolution
		Debug|Any CPU = Debug|Any CPU
		Release|Any CPU = Release|Any CPU
	EndGlobalSection
	GlobalSection(ProjectConfigurationPlatforms) = postSolution
		{944ED387-6916-4051-8640-38BB38175181}.Debug|Any CPU.ActiveCfg = Debug|Any CPU
		{944ED387-6916-4051-8640-38BB38175181}.Debug|Any CPU.Build.0 = Debug|Any CPU
		{944ED387-6916-4051-8640-38BB38175181}.Release|Any CPU.ActiveCfg = Release|Any CPU
		{944ED387-6916-4051-8640-38BB38175181}.Release|Any CPU.Build.0 = Release|Any CPU
	EndGlobalSection
	GlobalSection(SolutionProperties) = preSolution
		HideSolutionNode = FALSE
	EndGlobalSection
	GlobalSection(ExtensibilityGlobals) = postSolution
		SolutionGuid = {EE04B499-8DE9-4B44-9025-A0982CB8992F}
	EndGlobalSection
EndGlobal
